<?xml version="1.0" encoding="utf-8"?>
<Project ToolsVersion="4.0" xmlns="http://schemas.microsoft.com/developer/msbuild/2003">
  <ItemGroup>
    <Filter Include="Source Files">
      <UniqueIdentifier>{4FC737F1-C7A5-4376-A066-2A32D752A2FF}</UniqueIdentifier>
      <Extensions>cpp;c;cc;cxx;def;odl;idl;hpj;bat;asm;asmx</Extensions>
    </Filter>
    <Filter Include="Header Files">
      <UniqueIdentifier>{93995380-89BD-4b04-88EB-625FBE52EBFB}</UniqueIdentifier>
      <Extensions>h;hh;hpp;hxx;hm;inl;inc;xsd</Extensions>
    </Filter>
    <Filter Include="Resource Files">
      <UniqueIdentifier>{67DA6AB6-F800-4c08-8B7A-83BB121AAD01}</UniqueIdentifier>
      <Extensions>rc;ico;cur;bmp;dlg;rc2;rct;bin;rgs;gif;jpg;jpeg;jpe;resx;tiff;tif;png;wav;mfcribbon-ms</Extensions>
    </Filter>
  </ItemGroup>
  <ItemGroup>
    <ClCompile Include="main.cpp">
      <Filter>Source Files</Filter>
    </ClCompile>
    <ClCompile Include="DDSTextureLoader.cpp">
      <Filter>Source Files</Filter>
    </ClCompile>
  </ItemGroup>
  <ItemGroup>
    <FxCompile Include="Fragment.hlsl">
      <Filter>Source Files</Filter>
    </FxCompile>
    <FxCompile Include="Vertex.hlsl">
      <Filter>Source Files</Filter>
    </FxCompile>
    <FxCompile Include="FragmentFS.hlsl">
      <Filter>Source Files</Filter>
    </FxCompile>
    <FxCompile Include="VertexFS.hlsl">
      <Filter>Source Files</Filter>
    </FxCompile>
    <FxCompile Include="Hull.hlsl">
      <Filter>Source Files</Filter>
    </FxCompile>
    <FxCompile Include="DomainShader.hlsl">
      <Filter>Source Files</Filter>
    </FxCompile>
    <FxCompile Include="FragmentHM.hlsl">
      <Filter>Source Files</Filter>
    </FxCompile>
    <FxCompile Include="VertexHM.hlsl">
      <Filter>Source Files</Filter>
    </FxCompile>
    <FxCompile Include="BackfaceCulling.hlsl">
      <Filter>Source Files</Filter>
    </FxCompile>
    <FxCompile Include="BackfaceCullingHM.hlsl">
      <Filter>Source Files</Filter>
    </FxCompile>
    <FxCompile Include="BackfaceCullingTest.hlsl">
      <Filter>Source Files</Filter>
    </FxCompile>
    <FxCompile Include="VertexBFCTest.hlsl">
      <Filter>Source Files</Filter>
    </FxCompile>
    <FxCompile Include="FragmentBFCTest.hlsl">
      <Filter>Source Files</Filter>
    </FxCompile>
    <FxCompile Include="BulletVertex.hlsl">
      <Filter>Source Files</Filter>
    </FxCompile>
    <FxCompile Include="BulletFragment.hlsl">
      <Filter>Source Files</Filter>
    </FxCompile>
    <FxCompile Include="GoalVertex.hlsl">
      <Filter>Source Files</Filter>
    </FxCompile>
    <FxCompile Include="GoalFragment.hlsl">
      <Filter>Source Files</Filter>
    </FxCompile>
    <FxCompile Include="FragmentEndscreen.hlsl">
      <Filter>Source Files</Filter>
    </FxCompile>
    <FxCompile Include="WaterCubeVertex.hlsl">
      <Filter>Source Files</Filter>
    </FxCompile>
    <FxCompile Include="WaterCubeFragment.hlsl">
      <Filter>Source Files</Filter>
    </FxCompile>
    <FxCompile Include="VertexSM.hlsl">
      <Filter>Source Files</Filter>
    </FxCompile>
    <FxCompile Include="FragmentSM.hlsl">
      <Filter>Source Files</Filter>
    </FxCompile>
    <FxCompile Include="FragmentDC.hlsl">
      <Filter>Source Files</Filter>
    </FxCompile>
    <FxCompile Include="VertexDC.hlsl">
      <Filter>Source Files</Filter>
    </FxCompile>
    <FxCompile Include="DCFragmentHM.hlsl">
      <Filter>Source Files</Filter>
    </FxCompile>
    <FxCompile Include="DCFragmentWater.hlsl">
      <Filter>Source Files</Filter>
    </FxCompile>
    <FxCompile Include="DynamicSkymapFragment.hlsl">
      <Filter>Source Files</Filter>
    </FxCompile>
    <FxCompile Include="DCTestCubeVertex.hlsl">
      <Filter>Source Files</Filter>
    </FxCompile>
    <FxCompile Include="DCTestCubeFragment.hlsl">
      <Filter>Source Files</Filter>
    </FxCompile>
  </ItemGroup>
  <ItemGroup>
    <ClInclude Include="bth_image.h">
      <Filter>Header Files</Filter>
    </ClInclude>
    <ClInclude Include="stb_image.h">
      <Filter>Header Files</Filter>
    </ClInclude>
    <ClInclude Include="DDSTextureLoader.h">
      <Filter>Header Files</Filter>
    </ClInclude>
  </ItemGroup>
</Project>